
Microsoft Visual Studio Solution File, Format Version 12.00
# Visual Studio Version 16
VisualStudioVersion = 16.0.30523.141
MinimumVisualStudioVersion = 10.0.40219.1
Project("{9A19103F-16F7-4668-BE54-9A1E7A4F7556}") = "BlazorApp", "BlazorApp.csproj", "{02957B8B-98DA-4D06-B62C-89B2CCF4CC2E}"
EndProject
Project("{FAE04EC0-301F-11D3-BF4B-00C04F79EFBC}") = "BlazorAppTests", "..\BlazorAppTests\BlazorAppTests.csproj", "{58A655CD-4960-4CC2-8280-420A4C5F6B73}"
EndProject
Global
	GlobalSection(SolutionConfigurationPlatforms) = preSolution
		Debug|Any CPU = Debug|Any CPU
		Release|Any CPU = Release|Any CPU
	EndGlobalSection
	GlobalSection(ProjectConfigurationPlatforms) = postSolution
		{02957B8B-98DA-4D06-B62C-89B2CCF4CC2E}.Debug|Any CPU.ActiveCfg = Debug|Any CPU
		{02957B8B-98DA-4D06-B62C-89B2CCF4CC2E}.Debug|Any CPU.Build.0 = Debug|Any CPU
		{02957B8B-98DA-4D06-B62C-89B2CCF4CC2E}.Release|Any CPU.ActiveCfg = Release|Any CPU
		{02957B8B-98DA-4D06-B62C-89B2CCF4CC2E}.Release|Any CPU.Build.0 = Release|Any CPU
		{58A655CD-4960-4CC2-8280-420A4C5F6B73}.Debug|Any CPU.ActiveCfg = Debug|Any CPU
		{58A655CD-4960-4CC2-8280-420A4C5F6B73}.Debug|Any CPU.Build.0 = Debug|Any CPU
		{58A655CD-4960-4CC2-8280-420A4C5F6B73}.Release|Any CPU.ActiveCfg = Release|Any CPU
		{58A655CD-4960-4CC2-8280-420A4C5F6B73}.Release|Any CPU.Build.0 = Release|Any CPU
	EndGlobalSection
	GlobalSection(SolutionProperties) = preSolution
		HideSolutionNode = FALSE
	EndGlobalSection
	GlobalSection(ExtensibilityGlobals) = postSolution
		SolutionGuid = {76EABFB9-C05B-4A08-A80A-30BFB4885DCC}
	EndGlobalSection
EndGlobal
